
Microsoft Visual Studio Solution File, Format Version 12.00
# Visual Studio Version 16
VisualStudioVersion = 16.0.30413.136
MinimumVisualStudioVersion = 10.0.40219.1
Project("{2150E333-8FDC-42A3-9474-1A3956D46DE8}") = "Test", "Test", "{C62835F8-D1EC-4B75-B828-6481BF88A4E5}"
EndProject
Project("{FAE04EC0-301F-11D3-BF4B-00C04F79EFBC}") = "NGO.Wepapi", "NGO.Wepapi\NGO.Wepapi.csproj", "{148788DA-AD61-47DE-8B04-DCA3ABB9C776}"
EndProject
Project("{FAE04EC0-301F-11D3-BF4B-00C04F79EFBC}") = "NGO.Webapi.Test", "NGO.Webapi.Test\NGO.Webapi.Test.csproj", "{97861580-D23F-4E54-88B0-56F19F90C0CA}"
EndProject
Project("{2150E333-8FDC-42A3-9474-1A3956D46DE8}") = "IntegrationTests", "IntegrationTests", "{8590A1B6-6461-4DDB-866A-115F98692B6A}"
EndProject
Project("{FAE04EC0-301F-11D3-BF4B-00C04F79EFBC}") = "NGO.Service.IntegrationTestHarness", "NGO.Service.IntegrationTestHarness\NGO.Service.IntegrationTestHarness.csproj", "{446917EC-75CA-4F60-AF85-0486A975FDD4}"
EndProject
Project("{FAE04EC0-301F-11D3-BF4B-00C04F79EFBC}") = "NEO.App.Domain", "NEO.App.Domain\NEO.App.Domain.csproj", "{16739E0C-0DFF-483A-A91C-918ACE5A5C09}"
EndProject
Project("{FAE04EC0-301F-11D3-BF4B-00C04F79EFBC}") = "NGO.Common", "NGO.Common\NGO.Common.csproj", "{F8D5179F-278E-4F4E-BF38-5BC3D92184D4}"
EndProject
Project("{FAE04EC0-301F-11D3-BF4B-00C04F79EFBC}") = "NGO.Common.Test", "NGO.Common.Test\NGO.Common.Test.csproj", "{BB0149D5-BD96-425C-A589-F61AE0067A0F}"
EndProject
Project("{2150E333-8FDC-42A3-9474-1A3956D46DE8}") = "SharedProject", "SharedProject", "{651CA22D-CE2F-4507-91A3-84A64B6F2598}"
EndProject
Project("{FAE04EC0-301F-11D3-BF4B-00C04F79EFBC}") = "NGO.EntityFramework", "NGO.EntityFramework\NGO.EntityFramework.csproj", "{392A3BDB-3EB2-4722-921A-28699672E96E}"
EndProject
Project("{00D1A9C2-B5F0-4AF3-8072-F6C62B433612}") = "NGO.DB", "NGO.DB\NGO.DB.sqlproj", "{D7673E50-7F82-4DB8-B0BD-062965F03C27}"
EndProject
Project("{FAE04EC0-301F-11D3-BF4B-00C04F79EFBC}") = "DataModel", "NGO.DataModel\DataModel\DataModel.csproj", "{D5A37BA6-57A3-4DCC-AD82-ACBE20B1CC7D}"
EndProject
Project("{FAE04EC0-301F-11D3-BF4B-00C04F79EFBC}") = "DataPopulator", "NGO.DataModel\DataPopulator\DataPopulator.csproj", "{71C24FC4-CAA2-48F4-874A-5D4F40C45279}"
EndProject
Global
	GlobalSection(SolutionConfigurationPlatforms) = preSolution
		Debug|Any CPU = Debug|Any CPU
		Release|Any CPU = Release|Any CPU
	EndGlobalSection
	GlobalSection(ProjectConfigurationPlatforms) = postSolution
		{148788DA-AD61-47DE-8B04-DCA3ABB9C776}.Debug|Any CPU.ActiveCfg = Debug|Any CPU
		{148788DA-AD61-47DE-8B04-DCA3ABB9C776}.Debug|Any CPU.Build.0 = Debug|Any CPU
		{148788DA-AD61-47DE-8B04-DCA3ABB9C776}.Release|Any CPU.ActiveCfg = Release|Any CPU
		{148788DA-AD61-47DE-8B04-DCA3ABB9C776}.Release|Any CPU.Build.0 = Release|Any CPU
		{97861580-D23F-4E54-88B0-56F19F90C0CA}.Debug|Any CPU.ActiveCfg = Debug|Any CPU
		{97861580-D23F-4E54-88B0-56F19F90C0CA}.Debug|Any CPU.Build.0 = Debug|Any CPU
		{97861580-D23F-4E54-88B0-56F19F90C0CA}.Release|Any CPU.ActiveCfg = Release|Any CPU
		{97861580-D23F-4E54-88B0-56F19F90C0CA}.Release|Any CPU.Build.0 = Release|Any CPU
		{446917EC-75CA-4F60-AF85-0486A975FDD4}.Debug|Any CPU.ActiveCfg = Debug|Any CPU
		{446917EC-75CA-4F60-AF85-0486A975FDD4}.Debug|Any CPU.Build.0 = Debug|Any CPU
		{446917EC-75CA-4F60-AF85-0486A975FDD4}.Release|Any CPU.ActiveCfg = Release|Any CPU
		{446917EC-75CA-4F60-AF85-0486A975FDD4}.Release|Any CPU.Build.0 = Release|Any CPU
		{16739E0C-0DFF-483A-A91C-918ACE5A5C09}.Debug|Any CPU.ActiveCfg = Debug|Any CPU
		{16739E0C-0DFF-483A-A91C-918ACE5A5C09}.Debug|Any CPU.Build.0 = Debug|Any CPU
		{16739E0C-0DFF-483A-A91C-918ACE5A5C09}.Release|Any CPU.ActiveCfg = Release|Any CPU
		{16739E0C-0DFF-483A-A91C-918ACE5A5C09}.Release|Any CPU.Build.0 = Release|Any CPU
		{F8D5179F-278E-4F4E-BF38-5BC3D92184D4}.Debug|Any CPU.ActiveCfg = Debug|Any CPU
		{F8D5179F-278E-4F4E-BF38-5BC3D92184D4}.Debug|Any CPU.Build.0 = Debug|Any CPU
		{F8D5179F-278E-4F4E-BF38-5BC3D92184D4}.Release|Any CPU.ActiveCfg = Release|Any CPU
		{F8D5179F-278E-4F4E-BF38-5BC3D92184D4}.Release|Any CPU.Build.0 = Release|Any CPU
		{BB0149D5-BD96-425C-A589-F61AE0067A0F}.Debug|Any CPU.ActiveCfg = Debug|Any CPU
		{BB0149D5-BD96-425C-A589-F61AE0067A0F}.Debug|Any CPU.Build.0 = Debug|Any CPU
		{BB0149D5-BD96-425C-A589-F61AE0067A0F}.Release|Any CPU.ActiveCfg = Release|Any CPU
		{BB0149D5-BD96-425C-A589-F61AE0067A0F}.Release|Any CPU.Build.0 = Release|Any CPU
		{392A3BDB-3EB2-4722-921A-28699672E96E}.Debug|Any CPU.ActiveCfg = Debug|Any CPU
		{392A3BDB-3EB2-4722-921A-28699672E96E}.Debug|Any CPU.Build.0 = Debug|Any CPU
		{392A3BDB-3EB2-4722-921A-28699672E96E}.Release|Any CPU.ActiveCfg = Release|Any CPU
		{392A3BDB-3EB2-4722-921A-28699672E96E}.Release|Any CPU.Build.0 = Release|Any CPU
		{D7673E50-7F82-4DB8-B0BD-062965F03C27}.Debug|Any CPU.ActiveCfg = Debug|Any CPU
		{D7673E50-7F82-4DB8-B0BD-062965F03C27}.Debug|Any CPU.Build.0 = Debug|Any CPU
		{D7673E50-7F82-4DB8-B0BD-062965F03C27}.Debug|Any CPU.Deploy.0 = Debug|Any CPU
		{D7673E50-7F82-4DB8-B0BD-062965F03C27}.Release|Any CPU.ActiveCfg = Release|Any CPU
		{D7673E50-7F82-4DB8-B0BD-062965F03C27}.Release|Any CPU.Build.0 = Release|Any CPU
		{D7673E50-7F82-4DB8-B0BD-062965F03C27}.Release|Any CPU.Deploy.0 = Release|Any CPU
		{D5A37BA6-57A3-4DCC-AD82-ACBE20B1CC7D}.Debug|Any CPU.ActiveCfg = Debug|Any CPU
		{D5A37BA6-57A3-4DCC-AD82-ACBE20B1CC7D}.Debug|Any CPU.Build.0 = Debug|Any CPU
		{D5A37BA6-57A3-4DCC-AD82-ACBE20B1CC7D}.Release|Any CPU.ActiveCfg = Release|Any CPU
		{D5A37BA6-57A3-4DCC-AD82-ACBE20B1CC7D}.Release|Any CPU.Build.0 = Release|Any CPU
		{71C24FC4-CAA2-48F4-874A-5D4F40C45279}.Debug|Any CPU.ActiveCfg = Debug|Any CPU
		{71C24FC4-CAA2-48F4-874A-5D4F40C45279}.Debug|Any CPU.Build.0 = Debug|Any CPU
		{71C24FC4-CAA2-48F4-874A-5D4F40C45279}.Release|Any CPU.ActiveCfg = Release|Any CPU
		{71C24FC4-CAA2-48F4-874A-5D4F40C45279}.Release|Any CPU.Build.0 = Release|Any CPU
	EndGlobalSection
	GlobalSection(SolutionProperties) = preSolution
		HideSolutionNode = FALSE
	EndGlobalSection
	GlobalSection(NestedProjects) = preSolution
		{97861580-D23F-4E54-88B0-56F19F90C0CA} = {C62835F8-D1EC-4B75-B828-6481BF88A4E5}
		{446917EC-75CA-4F60-AF85-0486A975FDD4} = {8590A1B6-6461-4DDB-866A-115F98692B6A}
		{BB0149D5-BD96-425C-A589-F61AE0067A0F} = {C62835F8-D1EC-4B75-B828-6481BF88A4E5}
		{392A3BDB-3EB2-4722-921A-28699672E96E} = {651CA22D-CE2F-4507-91A3-84A64B6F2598}
		{D7673E50-7F82-4DB8-B0BD-062965F03C27} = {651CA22D-CE2F-4507-91A3-84A64B6F2598}
		{D5A37BA6-57A3-4DCC-AD82-ACBE20B1CC7D} = {651CA22D-CE2F-4507-91A3-84A64B6F2598}
		{71C24FC4-CAA2-48F4-874A-5D4F40C45279} = {651CA22D-CE2F-4507-91A3-84A64B6F2598}
	EndGlobalSection
	GlobalSection(ExtensibilityGlobals) = postSolution
		SolutionGuid = {22386B8A-A798-4CB6-BCA4-FCD72EABF1E1}
	EndGlobalSection
EndGlobal
